
Microsoft Visual Studio Solution File, Format Version 12.00
# Visual Studio Version 16
VisualStudioVersion = 16.0.29728.190
MinimumVisualStudioVersion = 10.0.40219.1
Project("{FAE04EC0-301F-11D3-BF4B-00C04F79EFBC}") = "TrustJacker", "TrustJacker.csproj", "{1C759107-879B-471A-B4C9-F72E90E276E4}"
EndProject
Global
	GlobalSection(SolutionConfigurationPlatforms) = preSolution
		Debug|Any CPU = Debug|Any CPU
		Release|Any CPU = Release|Any CPU
	EndGlobalSection
	GlobalSection(ProjectConfigurationPlatforms) = postSolution
		{1C759107-879B-471A-B4C9-F72E90E276E4}.Debug|Any CPU.ActiveCfg = Debug|Any CPU
		{1C759107-879B-471A-B4C9-F72E90E276E4}.Debug|Any CPU.Build.0 = Debug|Any CPU
		{1C759107-879B-471A-B4C9-F72E90E276E4}.Release|Any CPU.ActiveCfg = Release|Any CPU
		{1C759107-879B-471A-B4C9-F72E90E276E4}.Release|Any CPU.Build.0 = Release|Any CPU
	EndGlobalSection
	GlobalSection(SolutionProperties) = preSolution
		HideSolutionNode = FALSE
	EndGlobalSection
	GlobalSection(ExtensibilityGlobals) = postSolution
		SolutionGuid = {6FDA6EE3-2EF4-4CA1-8855-B0DBA830EA2A}
	EndGlobalSection
EndGlobal
